
Microsoft Visual Studio Solution File, Format Version 12.00
# Visual Studio Version 17
VisualStudioVersion = 17.1.32319.34
MinimumVisualStudioVersion = 10.0.40219.1
Project("{FAE04EC0-301F-11D3-BF4B-00C04F79EFBC}") = "GNTask", "GNTask\GNTask.csproj", "{1976F1BC-E761-42EC-B2D0-508AFDBC4EEC}"
EndProject
Global
	GlobalSection(SolutionConfigurationPlatforms) = preSolution
		Debug|Any CPU = Debug|Any CPU
		Release|Any CPU = Release|Any CPU
	EndGlobalSection
	GlobalSection(ProjectConfigurationPlatforms) = postSolution
		{1976F1BC-E761-42EC-B2D0-508AFDBC4EEC}.Debug|Any CPU.ActiveCfg = Debug|Any CPU
		{1976F1BC-E761-42EC-B2D0-508AFDBC4EEC}.Debug|Any CPU.Build.0 = Debug|Any CPU
		{1976F1BC-E761-42EC-B2D0-508AFDBC4EEC}.Release|Any CPU.ActiveCfg = Release|Any CPU
		{1976F1BC-E761-42EC-B2D0-508AFDBC4EEC}.Release|Any CPU.Build.0 = Release|Any CPU
	EndGlobalSection
	GlobalSection(SolutionProperties) = preSolution
		HideSolutionNode = FALSE
	EndGlobalSection
	GlobalSection(ExtensibilityGlobals) = postSolution
		SolutionGuid = {CD0EC21F-F0E1-4F40-B414-E4A6B0D84E41}
	EndGlobalSection
EndGlobal
